// !$*UTF8*$!
{
	archiveVersion = 1;
	classes = {
	};
	objectVersion = 46;
	objects = {

/* Begin PBXBuildFile section */
		412D46C61F0D87A600E71269 /* AppDelegate.swift in Sources */ = {isa = PBXBuildFile; fileRef = 412D46C51F0D87A600E71269 /* AppDelegate.swift */; };
		412D46C81F0D87A600E71269 /* ViewController.swift in Sources */ = {isa = PBXBuildFile; fileRef = 412D46C71F0D87A600E71269 /* ViewController.swift */; };
		412D46CB1F0D87A600E71269 /* Main.storyboard in Resources */ = {isa = PBXBuildFile; fileRef = 412D46C91F0D87A600E71269 /* Main.storyboard */; };
		412D46CD1F0D87A600E71269 /* Assets.xcassets in Resources */ = {isa = PBXBuildFile; fileRef = 412D46CC1F0D87A600E71269 /* Assets.xcassets */; };
		412D46D01F0D87A600E71269 /* LaunchScreen.storyboard in Resources */ = {isa = PBXBuildFile; fileRef = 412D46CE1F0D87A600E71269 /* LaunchScreen.storyboard */; };
/* End PBXBuildFile section */

/* Begin PBXFileReference section */
		412D46C21F0D87A600E71269 /* ionic6.app */ = {isa = PBXFileReference; explicitFileType = wrapper.application; includeInIndex = 0; path = ionic6.app; sourceTree = BUILT_PRODUCTS_DIR; };
		412D46C51F0D87A600E71269 /* AppDelegate.swift */ = {isa = PBXFileReference; lastKnownFileType = sourcecode.swift; path = AppDelegate.swift; sourceTree = "<group>"; };
		412D46C71F0D87A600E71269 /* ViewController.swift */ = {isa = PBXFileReference; lastKnownFileType = sourcecode.swift; path = ViewController.swift; sourceTree = "<group>"; };
		412D46CA1F0D87A600E71269 /* Base */ = {isa = PBXFileReference; lastKnownFileType = file.storyboard; name = Base; path = Base.lproj/Main.storyboard; sourceTree = "<group>"; };
		412D46CC1F0D87A600E71269 /* Assets.xcassets */ = {isa = PBXFileReference; lastKnownFileType = folder.assetcatalog; path = Assets.xcassets; sourceTree = "<group>"; };
		412D46CF1F0D87A600E71269 /* Base */ = {isa = PBXFileReference; lastKnownFileType = file.storyboard; name = Base; path = Base.lproj/LaunchScreen.storyboard; sourceTree = "<group>"; };
		412D46D11F0D87A600E71269 /* Info.plist */ = {isa = PBXFileReference; lastKnownFileType = text.plist.xml; path = Info.plist; sourceTree = "<group>"; };
/* End PBXFileReference section */

/* Begin PBXFrameworksBuildPhase section */
		412D46BF1F0D87A600E71269 /* Frameworks */ = {
			isa = PBXFrameworksBuildPhase;
			buildActionMask = 2147483647;
			files = (
			);
			runOnlyForDeploymentPostprocessing = 0;
		};
/* End PBXFrameworksBuildPhase section */

/* Begin PBXGroup section */
		412D46B91F0D87A600E71269 = {
			isa = PBXGroup;
			children = (
				412D46C41F0D87A600E71269 /* ionic6 */,
				412D46C31F0D87A600E71269 /* Products */,
			);
			sourceTree = "<group>";
		};
		412D46C31F0D87A600E71269 /* Products */ = {
			isa = PBXGroup;
			children = (
				412D46C21F0D87A600E71269 /* ionic6.app */,
			);
			name = Products;
			sourceTree = "<group>";
		};
		412D46C41F0D87A600E71269 /* ionic6 */ = {
			isa = PBXGroup;
			children = (
				412D46C51F0D87A600E71269 /* AppDelegate.swift */,
				412D46C71F0D87A600E71269 /* ViewController.swift */,
				412D46C91F0D87A600E71269 /* Main.storyboard */,
				412D46CC1F0D87A600E71269 /* Assets.xcassets */,
				412D46CE1F0D87A600E71269 /* LaunchScreen.storyboard */,
				412D46D11F0D87A600E71269 /* Info.plist */,
			);
			path = ionic6;
			sourceTree = "<group>";
		};
/* End PBXGroup section */

/* Begin PBXNativeTarget section */
		412D46C11F0D87A600E71269 /* ionic6 */ = {
			isa = PBXNativeTarget;
			buildConfigurationList = 412D46D41F0D87A600E71269 /* Build configuration list for PBXNativeTarget "ionic6" */;
			buildPhases = (
				412D46BE1F0D87A600E71269 /* Sources */,
				412D46BF1F0D87A600E71269 /* Frameworks */,
				412D46C01F0D87A600E71269 /* Resources */,
			);
			buildRules = (
			);
			dependencies = (
			);
			name = ionic6;
			productName = ionic6;
			productReference = 412D46C21F0D87A600E71269 /* ionic6.app */;
			productType = "com.apple.product-type.application";
		};
/* End PBXNativeTarget section */

/* Begin PBXProject section */
		412D46BA1F0D87A600E71269 /* Project object */ = {
			isa = PBXProject;
			attributes = {
				LastSwiftUpdateCheck = 0830;
				LastUpgradeCheck = 0830;
				ORGANIZATIONNAME = ionic6;
				TargetAttributes = {
					412D46C11F0D87A600E71269 = {
						CreatedOnToolsVersion = 8.3.3;
						DevelopmentTeam = 3NQC4C76KE;
						ProvisioningStyle = Automatic;
					};
				};
			};
			buildConfigurationList = 412D46BD1F0D87A600E71269 /* Build configuration list for PBXProject "ionic6" */;
			compatibilityVersion = "Xcode 3.2";
			developmentRegion = English;
			hasScannedForEncodings = 0;
			knownRegions = (
				en,
				Base,
			);
			mainGroup = 412D46B91F0D87A600E71269;
			productRefGroup = 412D46C31F0D87A600E71269 /* Products */;
			projectDirPath = "";
			projectRoot = "";
			targets = (
				412D46C11F0D87A600E71269 /* ionic6 */,
			);
		};
/* End PBXProject section */

/* Begin PBXResourcesBuildPhase section */
		412D46C01F0D87A600E71269 /* Resources */ = {
			isa = PBXResourcesBuildPhase;
			buildActionMask = 2147483647;
			files = (
				412D46D01F0D87A600E71269 /* LaunchScreen.storyboard in Resources */,
				412D46CD1F0D87A600E71269 /* Assets.xcassets in Resources */,
				412D46CB1F0D87A600E71269 /* Main.storyboard in Resources */,
			);
			runOnlyForDeploymentPostprocessing = 0;
		};
/* End PBXResourcesBuildPhase section */

/* Begin PBXSourcesBuildPhase section */
		412D46BE1F0D87A600E71269 /* Sources */ = {
			isa = PBXSourcesBuildPhase;
			buildActionMask = 2147483647;
			files = (
				412D46C81F0D87A600E71269 /* ViewController.swift in Sources */,
				412D46C61F0D87A600E71269 /* AppDelegate.swift in Sources */,
			);
			runOnlyForDeploymentPostprocessing = 0;
		};
/* End PBXSourcesBuildPhase section */

/* Begin PBXVariantGroup section */
		412D46C91F0D87A600E71269 /* Main.storyboard */ = {
			isa = PBXVariantGroup;
			children = (
				412D46CA1F0D87A600E71269 /* Base */,
			);
			name = Main.storyboard;
			sourceTree = "<group>";
		};
		412D46CE1F0D87A600E71269 /* LaunchScreen.storyboard */ = {
			isa = PBXVariantGroup;
			children = (
				412D46CF1F0D87A600E71269 /* Base */,
			);
			name = LaunchScreen.storyboard;
			sourceTree = "<group>";
		};
/* End PBXVariantGroup section */

/* Begin XCBuildConfiguration section */
		412D46D21F0D87A600E71269 /* Debug */ = {
			isa = XCBuildConfiguration;
			buildSettings = {
				ALWAYS_SEARCH_USER_PATHS = NO;
				CLANG_ANALYZER_NONNULL = YES;
				CLANG_ANALYZER_NUMBER_OBJECT_CONVERSION = YES_AGGRESSIVE;
				CLANG_CXX_LANGUAGE_STANDARD = "gnu++0x";
				CLANG_CXX_LIBRARY = "libc++";
				CLANG_ENABLE_MODULES = YES;
				CLANG_ENABLE_OBJC_ARC = YES;
				CLANG_WARN_BOOL_CONVERSION = YES;
				CLANG_WARN_CONSTANT_CONVERSION = YES;
				CLANG_WARN_DIRECT_OBJC_ISA_USAGE = YES_ERROR;
				CLANG_WARN_DOCUMENTATION_COMMENTS = YES;
				CLANG_WARN_EMPTY_BODY = YES;
				CLANG_WARN_ENUM_CONVERSION = YES;
				CLANG_WARN_INFINITE_RECURSION = YES;
				CLANG_WARN_INT_CONVERSION = YES;
				CLANG_WARN_OBJC_ROOT_CLASS = YES_ERROR;
				CLANG_WARN_SUSPICIOUS_MOVE = YES;
				CLANG_WARN_UNREACHABLE_CODE = YES;
				CLANG_WARN__DUPLICATE_METHOD_MATCH = YES;
				"CODE_SIGN_IDENTITY[sdk=iphoneos*]" = "iPhone Developer";
				COPY_PHASE_STRIP = NO;
				DEBUG_INFORMATION_FORMAT = dwarf;
				ENABLE_STRICT_OBJC_MSGSEND = YES;
				ENABLE_TESTABILITY = YES;
				GCC_C_LANGUAGE_STANDARD = gnu99;
				GCC_DYNAMIC_NO_PIC = NO;
				GCC_NO_COMMON_BLOCKS = YES;
				GCC_OPTIMIZATION_LEVEL = 0;
				GCC_PREPROCESSOR_DEFINITIONS = (
					"DEBUG=1",
					"$(inherited)",
				);
				GCC_WARN_64_TO_32_BIT_CONVERSION = YES;
				GCC_WARN_ABOUT_RETURN_TYPE = YES_ERROR;
				GCC_WARN_UNDECLARED_SELECTOR = YES;
				GCC_WARN_UNINITIALIZED_AUTOS = YES_AGGRESSIVE;
				GCC_WARN_UNUSED_FUNCTION = YES;
				GCC_WARN_UNUSED_VARIABLE = YES;
				IPHONEOS_DEPLOYMENT_TARGET = 10.3;
				MTL_ENABLE_DEBUG_INFO = YES;
				ONLY_ACTIVE_ARCH = YES;
				SDKROOT = iphoneos;
				SWIFT_ACTIVE_COMPILATION_CONDITIONS = DEBUG;
				SWIFT_OPTIMIZATION_LEVEL = "-Onone";
				TARGETED_DEVICE_FAMILY = "1,2";
			};
			name = Debug;
		};
		412D46D31F0D87A600E71269 /* Release */ = {
			isa = XCBuildConfiguration;
			buildSettings = {
				ALWAYS_SEARCH_USER_PATHS = NO;
				CLANG_ANALYZER_NONNULL = YES;
				CLANG_ANALYZER_NUMBER_OBJECT_CONVERSION = YES_AGGRESSIVE;
				CLANG_CXX_LANGUAGE_STANDARD = "gnu++0x";
				CLANG_CXX_LIBRARY = "libc++";
				CLANG_ENABLE_MODULES = YES;
				CLANG_ENABLE_OBJC_ARC = YES;
				CLANG_WARN_BOOL_CONVERSION = YES;
				CLANG_WARN_CONSTANT_CONVERSION = YES;
				CLANG_WARN_DIRECT_OBJC_ISA_USAGE = YES_ERROR;
				CLANG_WARN_DOCUMENTATION_COMMENTS = YES;
				CLANG_WARN_EMPTY_BODY = YES;
				CLANG_WARN_ENUM_CONVERSION = YES;
				CLANG_WARN_INFINITE_RECURSION = YES;
				CLANG_WARN_INT_CONVERSION = YES;
				CLANG_WARN_OBJC_ROOT_CLASS = YES_ERROR;
				CLANG_WARN_SUSPICIOUS_MOVE = YES;
				CLANG_WARN_UNREACHABLE_CODE = YES;
				CLANG_WARN__DUPLICATE_METHOD_MATCH = YES;
				"CODE_SIGN_IDENTITY[sdk=iphoneos*]" = "iPhone Developer";
				COPY_PHASE_STRIP = NO;
				DEBUG_INFORMATION_FORMAT = "dwarf-with-dsym";
				ENABLE_NS_ASSERTIONS = NO;
				ENABLE_STRICT_OBJC_MSGSEND = YES;
				GCC_C_LANGUAGE_STANDARD = gnu99;
				GCC_NO_COMMON_BLOCKS = YES;
				GCC_WARN_64_TO_32_BIT_CONVERSION = YES;
				GCC_WARN_ABOUT_RETURN_TYPE = YES_ERROR;
				GCC_WARN_UNDECLARED_SELECTOR = YES;
				GCC_WARN_UNINITIALIZED_AUTOS = YES_AGGRESSIVE;
				GCC_WARN_UNUSED_FUNCTION = YES;
				GCC_WARN_UNUSED_VARIABLE = YES;
				IPHONEOS_DEPLOYMENT_TARGET = 10.3;
				MTL_ENABLE_DEBUG_INFO = NO;
				SDKROOT = iphoneos;
				SWIFT_OPTIMIZATION_LEVEL = "-Owholemodule";
				TARGETED_DEVICE_FAMILY = "1,2";
				VALIDATE_PRODUCT = YES;
			};
			name = Release;
		};
		412D46D51F0D87A600E71269 /* Debug */ = {
			isa = XCBuildConfiguration;
			buildSettings = {
				ASSETCATALOG_COMPILER_APPICON_NAME = AppIcon;
				DEVELOPMENT_TEAM = 3NQC4C76KE;
				INFOPLIST_FILE = ionic6/Info.plist;
				LD_RUNPATH_SEARCH_PATHS = "$(inherited) @executable_path/Frameworks";
				PRODUCT_BUNDLE_IDENTIFIER = i6.ionic6;
				PRODUCT_NAME = "$(TARGET_NAME)";
				SWIFT_VERSION = 3.0;
			};
			name = Debug;
		};
		412D46D61F0D87A600E71269 /* Release */ = {
			isa = XCBuildConfiguration;
			buildSettings = {
				ASSETCATALOG_COMPILER_APPICON_NAME = AppIcon;
				DEVELOPMENT_TEAM = 3NQC4C76KE;
				INFOPLIST_FILE = ionic6/Info.plist;
				LD_RUNPATH_SEARCH_PATHS = "$(inherited) @executable_path/Frameworks";
				PRODUCT_BUNDLE_IDENTIFIER = i6.ionic6;
				PRODUCT_NAME = "$(TARGET_NAME)";
				SWIFT_VERSION = 3.0;
			};
			name = Release;
		};
/* End XCBuildConfiguration section */

/* Begin XCConfigurationList section */
		412D46BD1F0D87A600E71269 /* Build configuration list for PBXProject "ionic6" */ = {
			isa = XCConfigurationList;
			buildConfigurations = (
				412D46D21F0D87A600E71269 /* Debug */,
				412D46D31F0D87A600E71269 /* Release */,
			);
			defaultConfigurationIsVisible = 0;
			defaultConfigurationName = Release;
		};
		412D46D41F0D87A600E71269 /* Build configuration list for PBXNativeTarget "ionic6" */ = {
			isa = XCConfigurationList;
			buildConfigurations = (
				412D46D51F0D87A600E71269 /* Debug */,
				412D46D61F0D87A600E71269 /* Release */,
			);
			defaultConfigurationIsVisible = 0;
		};
/* End XCConfigurationList section */
	};
	rootObject = 412D46BA1F0D87A600E71269 /* Project object */;
}
